
Microsoft Visual Studio Solution File, Format Version 12.00
# Visual Studio Version 17
VisualStudioVersion = 17.3.32929.385
MinimumVisualStudioVersion = 10.0.40219.1
Project("{FAE04EC0-301F-11D3-BF4B-00C04F79EFBC}") = "ConversioniSistemi", "ConversioniSistemi\ConversioniSistemi.csproj", "{03F59B33-1B87-44A3-8AA5-B526918A6D9A}"
EndProject
Global
	GlobalSection(SolutionConfigurationPlatforms) = preSolution
		Debug|Any CPU = Debug|Any CPU
		Release|Any CPU = Release|Any CPU
	EndGlobalSection
	GlobalSection(ProjectConfigurationPlatforms) = postSolution
		{03F59B33-1B87-44A3-8AA5-B526918A6D9A}.Debug|Any CPU.ActiveCfg = Debug|Any CPU
		{03F59B33-1B87-44A3-8AA5-B526918A6D9A}.Debug|Any CPU.Build.0 = Debug|Any CPU
		{03F59B33-1B87-44A3-8AA5-B526918A6D9A}.Release|Any CPU.ActiveCfg = Release|Any CPU
		{03F59B33-1B87-44A3-8AA5-B526918A6D9A}.Release|Any CPU.Build.0 = Release|Any CPU
	EndGlobalSection
	GlobalSection(SolutionProperties) = preSolution
		HideSolutionNode = FALSE
	EndGlobalSection
	GlobalSection(ExtensibilityGlobals) = postSolution
		SolutionGuid = {DBD5C212-2D9B-469F-BCD8-4D0510CF23F7}
	EndGlobalSection
EndGlobal
